
Microsoft Visual Studio Solution File, Format Version 11.00
# Visual Studio 2010
Project("{FAE04EC0-301F-11D3-BF4B-00C04F79EFBC}") = "NanNingWebService2", "NanNingWebService2.csproj", "{F4000345-A437-4A89-97A4-1CAE5D80C58C}"
EndProject
Global
	GlobalSection(SolutionConfigurationPlatforms) = preSolution
		Debug|Any CPU = Debug|Any CPU
		Release|Any CPU = Release|Any CPU
	EndGlobalSection
	GlobalSection(ProjectConfigurationPlatforms) = postSolution
		{F4000345-A437-4A89-97A4-1CAE5D80C58C}.Debug|Any CPU.ActiveCfg = Debug|Any CPU
		{F4000345-A437-4A89-97A4-1CAE5D80C58C}.Debug|Any CPU.Build.0 = Debug|Any CPU
		{F4000345-A437-4A89-97A4-1CAE5D80C58C}.Release|Any CPU.ActiveCfg = Release|Any CPU
		{F4000345-A437-4A89-97A4-1CAE5D80C58C}.Release|Any CPU.Build.0 = Release|Any CPU
	EndGlobalSection
	GlobalSection(SolutionProperties) = preSolution
		HideSolutionNode = FALSE
	EndGlobalSection
EndGlobal
